{
  "name": "@gc-crm/gc-component-lib",
  "version": "12.2.7",
  "lockfileVersion": 2,
  "requires": true,
  "packages": {
    "": {
      "name": "@gc-crm/gc-component-lib",
      "version": "12.2.7",
      "dependencies": {
        "text-mask-addons": "^3.8.0",
        "tslib": "^2.1.0"
      },
      "peerDependencies": {
        "@angular/cdk": "12.2.13",
        "@angular/common": "^12.0.5",
        "@angular/core": "^12.0.5",
        "@angular/material": "12.2.13",
        "@ngx-translate/core": "^14.0.0",
        "@sentry/angular": "^7.15.0",
        "@sentry/tracing": "^7.15.0"
      }
    },
    "node_modules/text-mask-addons": {
      "version": "3.8.0",
      "resolved": "https://registry.npmjs.org/text-mask-addons/-/text-mask-addons-3.8.0.tgz",
      "integrity": "sha512-VSZSdc/tKn4zGxgpJ+uNBzoW1t472AoAFIlbw1K7hSNXz0DfSBYDJNRxLqgxOfWw1BY2z6DQpm7g0sYZn5qLpg=="
    },
    "node_modules/tslib": {
      "version": "2.4.0",
      "resolved": "https://registry.npmjs.org/tslib/-/tslib-2.4.0.tgz",
      "integrity": "sha512-d6xOpEDfsi2CZVlPQzGeux8XMwLT9hssAsaPYExaQMuYskwb+x1x7J371tWlbBdWHroy99KnVB6qIkUbs5X3UQ=="
    }
  },
  "dependencies": {
    "text-mask-addons": {
      "version": "3.8.0",
      "resolved": "https://registry.npmjs.org/text-mask-addons/-/text-mask-addons-3.8.0.tgz",
      "integrity": "sha512-VSZSdc/tKn4zGxgpJ+uNBzoW1t472AoAFIlbw1K7hSNXz0DfSBYDJNRxLqgxOfWw1BY2z6DQpm7g0sYZn5qLpg=="
    },
    "tslib": {
      "version": "2.4.0",
      "resolved": "https://registry.npmjs.org/tslib/-/tslib-2.4.0.tgz",
      "integrity": "sha512-d6xOpEDfsi2CZVlPQzGeux8XMwLT9hssAsaPYExaQMuYskwb+x1x7J371tWlbBdWHroy99KnVB6qIkUbs5X3UQ=="
    }
  }
}
